
Microsoft Visual Studio Solution File, Format Version 10.00
# Visual Studio 2008
Project("{8BC9CEB8-8B4A-11D0-8D11-00A0C91BC942}") = "hge_tut05", "hge_tut05.vcproj", "{38758DAA-A624-45EB-A4BE-1651E181F730}"
EndProject
Global
	GlobalSection(SolutionConfigurationPlatforms) = preSolution
		Debug|Win32 = Debug|Win32
		Release|Win32 = Release|Win32
	EndGlobalSection
	GlobalSection(ProjectConfigurationPlatforms) = postSolution
		{38758DAA-A624-45EB-A4BE-1651E181F730}.Debug|Win32.ActiveCfg = Debug|Win32
		{38758DAA-A624-45EB-A4BE-1651E181F730}.Debug|Win32.Build.0 = Debug|Win32
		{38758DAA-A624-45EB-A4BE-1651E181F730}.Release|Win32.ActiveCfg = Release|Win32
		{38758DAA-A624-45EB-A4BE-1651E181F730}.Release|Win32.Build.0 = Release|Win32
	EndGlobalSection
	GlobalSection(SolutionProperties) = preSolution
		HideSolutionNode = FALSE
	EndGlobalSection
EndGlobal
